
Microsoft Visual Studio Solution File, Format Version 12.00
# Visual Studio Version 17
VisualStudioVersion = 17.14.36221.1
MinimumVisualStudioVersion = 10.0.40219.1
Project("{FAE04EC0-301F-11D3-BF4B-00C04F79EFBC}") = "Calculator.Calculations", "src\Calculator.Calculations\Calculator.Calculations.csproj", "{36A8C6F4-BD78-7EE5-C799-9BBF329BFDE8}"
EndProject
Project("{FAE04EC0-301F-11D3-BF4B-00C04F79EFBC}") = "Calculator.ConsoleApp", "src\Calculator.ConsoleApp\Calculator.ConsoleApp.csproj", "{BBA57DD9-C05B-36EE-3B70-0DA8A20071C5}"
EndProject
Project("{FAE04EC0-301F-11D3-BF4B-00C04F79EFBC}") = "Calculator.Calculations.Tests", "src\Calculator.Calculations.Tests\Calculator.Calculations.Tests.csproj", "{A516EB71-61DF-8B94-03F6-D3A9970B45D4}"
EndProject
Project("{FAE04EC0-301F-11D3-BF4B-00C04F79EFBC}") = "Calculator.WPFApp", "src\Calculator.WPFApp\Calculator.WPFApp.csproj", "{E30C6EC6-0499-AF5E-4BFA-34E725F42C90}"
EndProject
Project("{FAE04EC0-301F-11D3-BF4B-00C04F79EFBC}") = "Calculator.Cultures", "src\Calculator.Cultures\Calculator.Cultures.csproj", "{9B820614-CB68-AD4C-C926-480503B35E58}"
EndProject
Global
	GlobalSection(SolutionConfigurationPlatforms) = preSolution
		Debug|Any CPU = Debug|Any CPU
		Release|Any CPU = Release|Any CPU
	EndGlobalSection
	GlobalSection(ProjectConfigurationPlatforms) = postSolution
		{36A8C6F4-BD78-7EE5-C799-9BBF329BFDE8}.Debug|Any CPU.ActiveCfg = Debug|Any CPU
		{36A8C6F4-BD78-7EE5-C799-9BBF329BFDE8}.Debug|Any CPU.Build.0 = Debug|Any CPU
		{36A8C6F4-BD78-7EE5-C799-9BBF329BFDE8}.Release|Any CPU.ActiveCfg = Release|Any CPU
		{36A8C6F4-BD78-7EE5-C799-9BBF329BFDE8}.Release|Any CPU.Build.0 = Release|Any CPU
		{BBA57DD9-C05B-36EE-3B70-0DA8A20071C5}.Debug|Any CPU.ActiveCfg = Debug|Any CPU
		{BBA57DD9-C05B-36EE-3B70-0DA8A20071C5}.Debug|Any CPU.Build.0 = Debug|Any CPU
		{BBA57DD9-C05B-36EE-3B70-0DA8A20071C5}.Release|Any CPU.ActiveCfg = Release|Any CPU
		{BBA57DD9-C05B-36EE-3B70-0DA8A20071C5}.Release|Any CPU.Build.0 = Release|Any CPU
		{A516EB71-61DF-8B94-03F6-D3A9970B45D4}.Debug|Any CPU.ActiveCfg = Debug|Any CPU
		{A516EB71-61DF-8B94-03F6-D3A9970B45D4}.Debug|Any CPU.Build.0 = Debug|Any CPU
		{A516EB71-61DF-8B94-03F6-D3A9970B45D4}.Release|Any CPU.ActiveCfg = Release|Any CPU
		{A516EB71-61DF-8B94-03F6-D3A9970B45D4}.Release|Any CPU.Build.0 = Release|Any CPU
		{E30C6EC6-0499-AF5E-4BFA-34E725F42C90}.Debug|Any CPU.ActiveCfg = Debug|Any CPU
		{E30C6EC6-0499-AF5E-4BFA-34E725F42C90}.Debug|Any CPU.Build.0 = Debug|Any CPU
		{E30C6EC6-0499-AF5E-4BFA-34E725F42C90}.Release|Any CPU.ActiveCfg = Release|Any CPU
		{E30C6EC6-0499-AF5E-4BFA-34E725F42C90}.Release|Any CPU.Build.0 = Release|Any CPU
		{9B820614-CB68-AD4C-C926-480503B35E58}.Debug|Any CPU.ActiveCfg = Debug|Any CPU
		{9B820614-CB68-AD4C-C926-480503B35E58}.Debug|Any CPU.Build.0 = Debug|Any CPU
		{9B820614-CB68-AD4C-C926-480503B35E58}.Release|Any CPU.ActiveCfg = Release|Any CPU
		{9B820614-CB68-AD4C-C926-480503B35E58}.Release|Any CPU.Build.0 = Release|Any CPU
	EndGlobalSection
	GlobalSection(SolutionProperties) = preSolution
		HideSolutionNode = FALSE
	EndGlobalSection
	GlobalSection(ExtensibilityGlobals) = postSolution
		SolutionGuid = {23D12190-6265-443F-8950-92C4D6BFCCF3}
	EndGlobalSection
EndGlobal
