
Microsoft Visual Studio Solution File, Format Version 12.00
# Visual Studio Version 17
VisualStudioVersion = 17.14.36221.1
MinimumVisualStudioVersion = 10.0.40219.1
Project("{FAE04EC0-301F-11D3-BF4B-00C04F79EFBC}") = "Calculator.Calculations", "src\Calculator.Calculations\Calculator.Calculations.csproj", "{36A8C6F4-BD78-7EE5-C799-9BBF329BFDE8}"
EndProject
Project("{FAE04EC0-301F-11D3-BF4B-00C04F79EFBC}") = "Calculator.ConsoleApp", "src\Calculator.ConsoleApp\Calculator.ConsoleApp.csproj", "{BBA57DD9-C05B-36EE-3B70-0DA8A20071C5}"
EndProject
Project("{FAE04EC0-301F-11D3-BF4B-00C04F79EFBC}") = "Calculator.Cultures", "Calculator.Cultures\Calculator.Cultures.csproj", "{5A0F29E4-6618-401F-AA7D-91427E666E4C}"
EndProject
Project("{FAE04EC0-301F-11D3-BF4B-00C04F79EFBC}") = "Calculator.Calculations.Tests", "Calculator.Calculations.Tests\Calculator.Calculations.Tests.csproj", "{58096D1A-7652-4D67-9718-D3D8A2BB7D9E}"
EndProject
Project("{FAE04EC0-301F-11D3-BF4B-00C04F79EFBC}") = "Calculator.WPFApp", "Calculator.WPFApp\Calculator.WPFApp.csproj", "{BE2E6624-A0E6-4C5C-AAA1-AF36A8191AD4}"
EndProject
Global
	GlobalSection(SolutionConfigurationPlatforms) = preSolution
		Debug|Any CPU = Debug|Any CPU
		Release|Any CPU = Release|Any CPU
	EndGlobalSection
	GlobalSection(ProjectConfigurationPlatforms) = postSolution
		{36A8C6F4-BD78-7EE5-C799-9BBF329BFDE8}.Debug|Any CPU.ActiveCfg = Debug|Any CPU
		{36A8C6F4-BD78-7EE5-C799-9BBF329BFDE8}.Debug|Any CPU.Build.0 = Debug|Any CPU
		{36A8C6F4-BD78-7EE5-C799-9BBF329BFDE8}.Release|Any CPU.ActiveCfg = Release|Any CPU
		{36A8C6F4-BD78-7EE5-C799-9BBF329BFDE8}.Release|Any CPU.Build.0 = Release|Any CPU
		{BBA57DD9-C05B-36EE-3B70-0DA8A20071C5}.Debug|Any CPU.ActiveCfg = Debug|Any CPU
		{BBA57DD9-C05B-36EE-3B70-0DA8A20071C5}.Debug|Any CPU.Build.0 = Debug|Any CPU
		{BBA57DD9-C05B-36EE-3B70-0DA8A20071C5}.Release|Any CPU.ActiveCfg = Release|Any CPU
		{BBA57DD9-C05B-36EE-3B70-0DA8A20071C5}.Release|Any CPU.Build.0 = Release|Any CPU
		{5A0F29E4-6618-401F-AA7D-91427E666E4C}.Debug|Any CPU.ActiveCfg = Debug|Any CPU
		{5A0F29E4-6618-401F-AA7D-91427E666E4C}.Debug|Any CPU.Build.0 = Debug|Any CPU
		{5A0F29E4-6618-401F-AA7D-91427E666E4C}.Release|Any CPU.ActiveCfg = Release|Any CPU
		{5A0F29E4-6618-401F-AA7D-91427E666E4C}.Release|Any CPU.Build.0 = Release|Any CPU
		{58096D1A-7652-4D67-9718-D3D8A2BB7D9E}.Debug|Any CPU.ActiveCfg = Debug|Any CPU
		{58096D1A-7652-4D67-9718-D3D8A2BB7D9E}.Debug|Any CPU.Build.0 = Debug|Any CPU
		{58096D1A-7652-4D67-9718-D3D8A2BB7D9E}.Release|Any CPU.ActiveCfg = Release|Any CPU
		{58096D1A-7652-4D67-9718-D3D8A2BB7D9E}.Release|Any CPU.Build.0 = Release|Any CPU
		{BE2E6624-A0E6-4C5C-AAA1-AF36A8191AD4}.Debug|Any CPU.ActiveCfg = Debug|Any CPU
		{BE2E6624-A0E6-4C5C-AAA1-AF36A8191AD4}.Debug|Any CPU.Build.0 = Debug|Any CPU
		{BE2E6624-A0E6-4C5C-AAA1-AF36A8191AD4}.Release|Any CPU.ActiveCfg = Release|Any CPU
		{BE2E6624-A0E6-4C5C-AAA1-AF36A8191AD4}.Release|Any CPU.Build.0 = Release|Any CPU
	EndGlobalSection
	GlobalSection(SolutionProperties) = preSolution
		HideSolutionNode = FALSE
	EndGlobalSection
	GlobalSection(ExtensibilityGlobals) = postSolution
		SolutionGuid = {23D12190-6265-443F-8950-92C4D6BFCCF3}
	EndGlobalSection
EndGlobal
