
Microsoft Visual Studio Solution File, Format Version 12.00
# Visual Studio Version 17
VisualStudioVersion = 17.14.36221.1 d17.14
MinimumVisualStudioVersion = 10.0.40219.1
Project("{FAE04EC0-301F-11D3-BF4B-00C04F79EFBC}") = "Calculator.ConsoleApp", "Calculator.ConsoleApp\Calculator.ConsoleApp.csproj", "{18A95223-66C7-455D-98BF-227B2E4DD6DF}"
EndProject
Project("{FAE04EC0-301F-11D3-BF4B-00C04F79EFBC}") = "Calculator.Calculations", "Calculator.Calculations\Calculator.Calculations.csproj", "{E705F487-4C51-4637-A582-97A89FB83D67}"
EndProject
Global
	GlobalSection(SolutionConfigurationPlatforms) = preSolution
		Debug|Any CPU = Debug|Any CPU
		Release|Any CPU = Release|Any CPU
	EndGlobalSection
	GlobalSection(ProjectConfigurationPlatforms) = postSolution
		{18A95223-66C7-455D-98BF-227B2E4DD6DF}.Debug|Any CPU.ActiveCfg = Debug|Any CPU
		{18A95223-66C7-455D-98BF-227B2E4DD6DF}.Debug|Any CPU.Build.0 = Debug|Any CPU
		{18A95223-66C7-455D-98BF-227B2E4DD6DF}.Release|Any CPU.ActiveCfg = Release|Any CPU
		{18A95223-66C7-455D-98BF-227B2E4DD6DF}.Release|Any CPU.Build.0 = Release|Any CPU
		{E705F487-4C51-4637-A582-97A89FB83D67}.Debug|Any CPU.ActiveCfg = Debug|Any CPU
		{E705F487-4C51-4637-A582-97A89FB83D67}.Debug|Any CPU.Build.0 = Debug|Any CPU
		{E705F487-4C51-4637-A582-97A89FB83D67}.Release|Any CPU.ActiveCfg = Release|Any CPU
		{E705F487-4C51-4637-A582-97A89FB83D67}.Release|Any CPU.Build.0 = Release|Any CPU
	EndGlobalSection
	GlobalSection(SolutionProperties) = preSolution
		HideSolutionNode = FALSE
	EndGlobalSection
	GlobalSection(ExtensibilityGlobals) = postSolution
		SolutionGuid = {23D12190-6265-443F-8950-92C4D6BFCCF3}
	EndGlobalSection
EndGlobal
